// !$*UTF8*$!
{
	archiveVersion = 1;
	classes = {
	};
	objectVersion = 46;
	objects = {

/* Begin PBXBuildFile section */
		8B9EC7A8168E3BCC0095270F /* UIKit.framework in Frameworks */ = {isa = PBXBuildFile; fileRef = 8B9EC7A7168E3BCC0095270F /* UIKit.framework */; };
		8B9EC7AA168E3BCC0095270F /* Foundation.framework in Frameworks */ = {isa = PBXBuildFile; fileRef = 8B9EC7A9168E3BCC0095270F /* Foundation.framework */; };
		8B9EC7AC168E3BCC0095270F /* CoreGraphics.framework in Frameworks */ = {isa = PBXBuildFile; fileRef = 8B9EC7AB168E3BCC0095270F /* CoreGraphics.framework */; };
		8B9EC7B2168E3BCC0095270F /* InfoPlist.strings in Resources */ = {isa = PBXBuildFile; fileRef = 8B9EC7B0168E3BCC0095270F /* InfoPlist.strings */; };
		8B9EC7B4168E3BCC0095270F /* main.m in Sources */ = {isa = PBXBuildFile; fileRef = 8B9EC7B3168E3BCC0095270F /* main.m */; };
		8B9EC7B8168E3BCC0095270F /* SentryExampleAppDelegate.m in Sources */ = {isa = PBXBuildFile; fileRef = 8B9EC7B7168E3BCC0095270F /* SentryExampleAppDelegate.m */; };
		8B9EC7BA168E3BCC0095270F /* Default.png in Resources */ = {isa = PBXBuildFile; fileRef = 8B9EC7B9168E3BCC0095270F /* Default.png */; };
		8B9EC7BC168E3BCC0095270F /* Default@2x.png in Resources */ = {isa = PBXBuildFile; fileRef = 8B9EC7BB168E3BCC0095270F /* Default@2x.png */; };
		8B9EC7BE168E3BCC0095270F /* Default-568h@2x.png in Resources */ = {isa = PBXBuildFile; fileRef = 8B9EC7BD168E3BCC0095270F /* Default-568h@2x.png */; };
		8B9EC7C1168E3BCC0095270F /* MainStoryboard.storyboard in Resources */ = {isa = PBXBuildFile; fileRef = 8B9EC7BF168E3BCC0095270F /* MainStoryboard.storyboard */; };
		8B9EC7C4168E3BCC0095270F /* SentryExampleViewController.m in Sources */ = {isa = PBXBuildFile; fileRef = 8B9EC7C3168E3BCC0095270F /* SentryExampleViewController.m */; };
		8B9EC7F5168E43130095270F /* Raven in Resources */ = {isa = PBXBuildFile; fileRef = 8B9EC7F4168E43130095270F /* Raven */; };
/* End PBXBuildFile section */

/* Begin PBXFileReference section */
		8B9EC7A3168E3BCC0095270F /* SentryExample.app */ = {isa = PBXFileReference; explicitFileType = wrapper.application; includeInIndex = 0; path = SentryExample.app; sourceTree = BUILT_PRODUCTS_DIR; };
		8B9EC7A7168E3BCC0095270F /* UIKit.framework */ = {isa = PBXFileReference; lastKnownFileType = wrapper.framework; name = UIKit.framework; path = System/Library/Frameworks/UIKit.framework; sourceTree = SDKROOT; };
		8B9EC7A9168E3BCC0095270F /* Foundation.framework */ = {isa = PBXFileReference; lastKnownFileType = wrapper.framework; name = Foundation.framework; path = System/Library/Frameworks/Foundation.framework; sourceTree = SDKROOT; };
		8B9EC7AB168E3BCC0095270F /* CoreGraphics.framework */ = {isa = PBXFileReference; lastKnownFileType = wrapper.framework; name = CoreGraphics.framework; path = System/Library/Frameworks/CoreGraphics.framework; sourceTree = SDKROOT; };
		8B9EC7AF168E3BCC0095270F /* SentryExample-Info.plist */ = {isa = PBXFileReference; lastKnownFileType = text.plist.xml; path = "SentryExample-Info.plist"; sourceTree = "<group>"; };
		8B9EC7B1168E3BCC0095270F /* en */ = {isa = PBXFileReference; lastKnownFileType = text.plist.strings; name = en; path = en.lproj/InfoPlist.strings; sourceTree = "<group>"; };
		8B9EC7B3168E3BCC0095270F /* main.m */ = {isa = PBXFileReference; lastKnownFileType = sourcecode.c.objc; path = main.m; sourceTree = "<group>"; };
		8B9EC7B5168E3BCC0095270F /* SentryExample-Prefix.pch */ = {isa = PBXFileReference; lastKnownFileType = sourcecode.c.h; path = "SentryExample-Prefix.pch"; sourceTree = "<group>"; };
		8B9EC7B6168E3BCC0095270F /* SentryExampleAppDelegate.h */ = {isa = PBXFileReference; lastKnownFileType = sourcecode.c.h; path = SentryExampleAppDelegate.h; sourceTree = "<group>"; };
		8B9EC7B7168E3BCC0095270F /* SentryExampleAppDelegate.m */ = {isa = PBXFileReference; lastKnownFileType = sourcecode.c.objc; path = SentryExampleAppDelegate.m; sourceTree = "<group>"; };
		8B9EC7B9168E3BCC0095270F /* Default.png */ = {isa = PBXFileReference; lastKnownFileType = image.png; path = Default.png; sourceTree = "<group>"; };
		8B9EC7BB168E3BCC0095270F /* Default@2x.png */ = {isa = PBXFileReference; lastKnownFileType = image.png; path = "Default@2x.png"; sourceTree = "<group>"; };
		8B9EC7BD168E3BCC0095270F /* Default-568h@2x.png */ = {isa = PBXFileReference; lastKnownFileType = image.png; path = "Default-568h@2x.png"; sourceTree = "<group>"; };
		8B9EC7C0168E3BCC0095270F /* en */ = {isa = PBXFileReference; lastKnownFileType = file.storyboard; name = en; path = en.lproj/MainStoryboard.storyboard; sourceTree = "<group>"; };
		8B9EC7C2168E3BCC0095270F /* SentryExampleViewController.h */ = {isa = PBXFileReference; lastKnownFileType = sourcecode.c.h; path = SentryExampleViewController.h; sourceTree = "<group>"; };
		8B9EC7C3168E3BCC0095270F /* SentryExampleViewController.m */ = {isa = PBXFileReference; lastKnownFileType = sourcecode.c.objc; path = SentryExampleViewController.m; sourceTree = "<group>"; };
		8B9EC7CB168E3BCC0095270F /* SenTestingKit.framework */ = {isa = PBXFileReference; lastKnownFileType = wrapper.framework; name = SenTestingKit.framework; path = Library/Frameworks/SenTestingKit.framework; sourceTree = DEVELOPER_DIR; };
		8B9EC7D3168E3BCC0095270F /* SentryExampleTests-Info.plist */ = {isa = PBXFileReference; lastKnownFileType = text.plist.xml; path = "SentryExampleTests-Info.plist"; sourceTree = "<group>"; };
		8B9EC7D5168E3BCC0095270F /* en */ = {isa = PBXFileReference; lastKnownFileType = text.plist.strings; name = en; path = en.lproj/InfoPlist.strings; sourceTree = "<group>"; };
		8B9EC7D7168E3BCC0095270F /* SentryExampleTests.h */ = {isa = PBXFileReference; lastKnownFileType = sourcecode.c.h; path = SentryExampleTests.h; sourceTree = "<group>"; };
		8B9EC7D8168E3BCC0095270F /* SentryExampleTests.m */ = {isa = PBXFileReference; lastKnownFileType = sourcecode.c.objc; path = SentryExampleTests.m; sourceTree = "<group>"; };
		8B9EC7F4168E43130095270F /* Raven */ = {isa = PBXFileReference; lastKnownFileType = folder; name = Raven; path = "raven-objc/Raven"; sourceTree = "<group>"; };
/* End PBXFileReference section */

/* Begin PBXFrameworksBuildPhase section */
		8B9EC7A0168E3BCC0095270F /* Frameworks */ = {
			isa = PBXFrameworksBuildPhase;
			buildActionMask = 2147483647;
			files = (
				8B9EC7A8168E3BCC0095270F /* UIKit.framework in Frameworks */,
				8B9EC7AA168E3BCC0095270F /* Foundation.framework in Frameworks */,
				8B9EC7AC168E3BCC0095270F /* CoreGraphics.framework in Frameworks */,
			);
			runOnlyForDeploymentPostprocessing = 0;
		};
/* End PBXFrameworksBuildPhase section */

/* Begin PBXGroup section */
		8B9EC798168E3BCC0095270F = {
			isa = PBXGroup;
			children = (
				8B9EC7F4168E43130095270F /* Raven */,
				8B9EC7AD168E3BCC0095270F /* SentryExample */,
				8B9EC7D1168E3BCC0095270F /* SentryExampleTests */,
				8B9EC7A6168E3BCC0095270F /* Frameworks */,
				8B9EC7A4168E3BCC0095270F /* Products */,
			);
			sourceTree = "<group>";
		};
		8B9EC7A4168E3BCC0095270F /* Products */ = {
			isa = PBXGroup;
			children = (
				8B9EC7A3168E3BCC0095270F /* SentryExample.app */,
			);
			name = Products;
			sourceTree = "<group>";
		};
		8B9EC7A6168E3BCC0095270F /* Frameworks */ = {
			isa = PBXGroup;
			children = (
				8B9EC7A7168E3BCC0095270F /* UIKit.framework */,
				8B9EC7A9168E3BCC0095270F /* Foundation.framework */,
				8B9EC7AB168E3BCC0095270F /* CoreGraphics.framework */,
				8B9EC7CB168E3BCC0095270F /* SenTestingKit.framework */,
			);
			name = Frameworks;
			sourceTree = "<group>";
		};
		8B9EC7AD168E3BCC0095270F /* SentryExample */ = {
			isa = PBXGroup;
			children = (
				8B9EC7B6168E3BCC0095270F /* SentryExampleAppDelegate.h */,
				8B9EC7B7168E3BCC0095270F /* SentryExampleAppDelegate.m */,
				8B9EC7BF168E3BCC0095270F /* MainStoryboard.storyboard */,
				8B9EC7C2168E3BCC0095270F /* SentryExampleViewController.h */,
				8B9EC7C3168E3BCC0095270F /* SentryExampleViewController.m */,
				8B9EC7AE168E3BCC0095270F /* Supporting Files */,
			);
			path = SentryExample;
			sourceTree = "<group>";
		};
		8B9EC7AE168E3BCC0095270F /* Supporting Files */ = {
			isa = PBXGroup;
			children = (
				8B9EC7AF168E3BCC0095270F /* SentryExample-Info.plist */,
				8B9EC7B0168E3BCC0095270F /* InfoPlist.strings */,
				8B9EC7B3168E3BCC0095270F /* main.m */,
				8B9EC7B5168E3BCC0095270F /* SentryExample-Prefix.pch */,
				8B9EC7B9168E3BCC0095270F /* Default.png */,
				8B9EC7BB168E3BCC0095270F /* Default@2x.png */,
				8B9EC7BD168E3BCC0095270F /* Default-568h@2x.png */,
			);
			name = "Supporting Files";
			sourceTree = "<group>";
		};
		8B9EC7D1168E3BCC0095270F /* SentryExampleTests */ = {
			isa = PBXGroup;
			children = (
				8B9EC7D7168E3BCC0095270F /* SentryExampleTests.h */,
				8B9EC7D8168E3BCC0095270F /* SentryExampleTests.m */,
				8B9EC7D2168E3BCC0095270F /* Supporting Files */,
			);
			path = SentryExampleTests;
			sourceTree = "<group>";
		};
		8B9EC7D2168E3BCC0095270F /* Supporting Files */ = {
			isa = PBXGroup;
			children = (
				8B9EC7D3168E3BCC0095270F /* SentryExampleTests-Info.plist */,
				8B9EC7D4168E3BCC0095270F /* InfoPlist.strings */,
			);
			name = "Supporting Files";
			sourceTree = "<group>";
		};
/* End PBXGroup section */

/* Begin PBXNativeTarget section */
		8B9EC7A2168E3BCC0095270F /* SentryExample */ = {
			isa = PBXNativeTarget;
			buildConfigurationList = 8B9EC7DC168E3BCC0095270F /* Build configuration list for PBXNativeTarget "SentryExample" */;
			buildPhases = (
				8B9EC79F168E3BCC0095270F /* Sources */,
				8B9EC7A0168E3BCC0095270F /* Frameworks */,
				8B9EC7A1168E3BCC0095270F /* Resources */,
			);
			buildRules = (
			);
			dependencies = (
			);
			name = SentryExample;
			productName = SentryExample;
			productReference = 8B9EC7A3168E3BCC0095270F /* SentryExample.app */;
			productType = "com.apple.product-type.application";
		};
/* End PBXNativeTarget section */

/* Begin PBXProject section */
		8B9EC79A168E3BCC0095270F /* Project object */ = {
			isa = PBXProject;
			attributes = {
				CLASSPREFIX = SentryExample;
				LastUpgradeCheck = 0450;
				ORGANIZATIONNAME = GetSentry;
			};
			buildConfigurationList = 8B9EC79D168E3BCC0095270F /* Build configuration list for PBXProject "SentryExample" */;
			compatibilityVersion = "Xcode 3.2";
			developmentRegion = English;
			hasScannedForEncodings = 0;
			knownRegions = (
				en,
			);
			mainGroup = 8B9EC798168E3BCC0095270F;
			productRefGroup = 8B9EC7A4168E3BCC0095270F /* Products */;
			projectDirPath = "";
			projectRoot = "";
			targets = (
				8B9EC7A2168E3BCC0095270F /* SentryExample */,
			);
		};
/* End PBXProject section */

/* Begin PBXResourcesBuildPhase section */
		8B9EC7A1168E3BCC0095270F /* Resources */ = {
			isa = PBXResourcesBuildPhase;
			buildActionMask = 2147483647;
			files = (
				8B9EC7B2168E3BCC0095270F /* InfoPlist.strings in Resources */,
				8B9EC7BA168E3BCC0095270F /* Default.png in Resources */,
				8B9EC7BC168E3BCC0095270F /* Default@2x.png in Resources */,
				8B9EC7BE168E3BCC0095270F /* Default-568h@2x.png in Resources */,
				8B9EC7C1168E3BCC0095270F /* MainStoryboard.storyboard in Resources */,
				8B9EC7F5168E43130095270F /* Raven in Resources */,
			);
			runOnlyForDeploymentPostprocessing = 0;
		};
/* End PBXResourcesBuildPhase section */

/* Begin PBXSourcesBuildPhase section */
		8B9EC79F168E3BCC0095270F /* Sources */ = {
			isa = PBXSourcesBuildPhase;
			buildActionMask = 2147483647;
			files = (
				8B9EC7B4168E3BCC0095270F /* main.m in Sources */,
				8B9EC7B8168E3BCC0095270F /* SentryExampleAppDelegate.m in Sources */,
				8B9EC7C4168E3BCC0095270F /* SentryExampleViewController.m in Sources */,
			);
			runOnlyForDeploymentPostprocessing = 0;
		};
/* End PBXSourcesBuildPhase section */

/* Begin PBXVariantGroup section */
		8B9EC7B0168E3BCC0095270F /* InfoPlist.strings */ = {
			isa = PBXVariantGroup;
			children = (
				8B9EC7B1168E3BCC0095270F /* en */,
			);
			name = InfoPlist.strings;
			sourceTree = "<group>";
		};
		8B9EC7BF168E3BCC0095270F /* MainStoryboard.storyboard */ = {
			isa = PBXVariantGroup;
			children = (
				8B9EC7C0168E3BCC0095270F /* en */,
			);
			name = MainStoryboard.storyboard;
			sourceTree = "<group>";
		};
		8B9EC7D4168E3BCC0095270F /* InfoPlist.strings */ = {
			isa = PBXVariantGroup;
			children = (
				8B9EC7D5168E3BCC0095270F /* en */,
			);
			name = InfoPlist.strings;
			sourceTree = "<group>";
		};
/* End PBXVariantGroup section */

/* Begin XCBuildConfiguration section */
		8B9EC7DA168E3BCC0095270F /* Debug */ = {
			isa = XCBuildConfiguration;
			buildSettings = {
				ALWAYS_SEARCH_USER_PATHS = NO;
				CLANG_CXX_LANGUAGE_STANDARD = "gnu++0x";
				CLANG_CXX_LIBRARY = "libc++";
				CLANG_ENABLE_OBJC_ARC = YES;
				CLANG_WARN_EMPTY_BODY = YES;
				CLANG_WARN__DUPLICATE_METHOD_MATCH = YES;
				"CODE_SIGN_IDENTITY[sdk=iphoneos*]" = "iPhone Developer";
				COPY_PHASE_STRIP = NO;
				GCC_C_LANGUAGE_STANDARD = gnu99;
				GCC_DYNAMIC_NO_PIC = NO;
				GCC_OPTIMIZATION_LEVEL = 0;
				GCC_PREPROCESSOR_DEFINITIONS = (
					"DEBUG=1",
					"$(inherited)",
				);
				GCC_SYMBOLS_PRIVATE_EXTERN = NO;
				GCC_WARN_ABOUT_RETURN_TYPE = YES;
				GCC_WARN_UNINITIALIZED_AUTOS = YES;
				GCC_WARN_UNUSED_VARIABLE = YES;
				IPHONEOS_DEPLOYMENT_TARGET = 6.0;
				ONLY_ACTIVE_ARCH = YES;
				SCAN_ALL_SOURCE_FILES_FOR_INCLUDES = YES;
				SDKROOT = iphoneos;
			};
			name = Debug;
		};
		8B9EC7DB168E3BCC0095270F /* Release */ = {
			isa = XCBuildConfiguration;
			buildSettings = {
				ALWAYS_SEARCH_USER_PATHS = NO;
				CLANG_CXX_LANGUAGE_STANDARD = "gnu++0x";
				CLANG_CXX_LIBRARY = "libc++";
				CLANG_ENABLE_OBJC_ARC = YES;
				CLANG_WARN_EMPTY_BODY = YES;
				CLANG_WARN__DUPLICATE_METHOD_MATCH = YES;
				"CODE_SIGN_IDENTITY[sdk=iphoneos*]" = "iPhone Developer";
				COPY_PHASE_STRIP = YES;
				GCC_C_LANGUAGE_STANDARD = gnu99;
				GCC_WARN_ABOUT_RETURN_TYPE = YES;
				GCC_WARN_UNINITIALIZED_AUTOS = YES;
				GCC_WARN_UNUSED_VARIABLE = YES;
				IPHONEOS_DEPLOYMENT_TARGET = 6.0;
				OTHER_CFLAGS = "-DNS_BLOCK_ASSERTIONS=1";
				SCAN_ALL_SOURCE_FILES_FOR_INCLUDES = YES;
				SDKROOT = iphoneos;
				VALIDATE_PRODUCT = YES;
			};
			name = Release;
		};
		8B9EC7DD168E3BCC0095270F /* Debug */ = {
			isa = XCBuildConfiguration;
			buildSettings = {
				ALWAYS_SEARCH_USER_PATHS = YES;
				GCC_PRECOMPILE_PREFIX_HEADER = YES;
				GCC_PREFIX_HEADER = "SentryExample/SentryExample-Prefix.pch";
				INFOPLIST_FILE = "SentryExample/SentryExample-Info.plist";
				PRODUCT_NAME = "$(TARGET_NAME)";
				SCAN_ALL_SOURCE_FILES_FOR_INCLUDES = NO;
				WRAPPER_EXTENSION = app;
			};
			name = Debug;
		};
		8B9EC7DE168E3BCC0095270F /* Release */ = {
			isa = XCBuildConfiguration;
			buildSettings = {
				ALWAYS_SEARCH_USER_PATHS = YES;
				GCC_PRECOMPILE_PREFIX_HEADER = YES;
				GCC_PREFIX_HEADER = "SentryExample/SentryExample-Prefix.pch";
				INFOPLIST_FILE = "SentryExample/SentryExample-Info.plist";
				PRODUCT_NAME = "$(TARGET_NAME)";
				SCAN_ALL_SOURCE_FILES_FOR_INCLUDES = NO;
				WRAPPER_EXTENSION = app;
			};
			name = Release;
		};
/* End XCBuildConfiguration section */

/* Begin XCConfigurationList section */
		8B9EC79D168E3BCC0095270F /* Build configuration list for PBXProject "SentryExample" */ = {
			isa = XCConfigurationList;
			buildConfigurations = (
				8B9EC7DA168E3BCC0095270F /* Debug */,
				8B9EC7DB168E3BCC0095270F /* Release */,
			);
			defaultConfigurationIsVisible = 0;
			defaultConfigurationName = Release;
		};
		8B9EC7DC168E3BCC0095270F /* Build configuration list for PBXNativeTarget "SentryExample" */ = {
			isa = XCConfigurationList;
			buildConfigurations = (
				8B9EC7DD168E3BCC0095270F /* Debug */,
				8B9EC7DE168E3BCC0095270F /* Release */,
			);
			defaultConfigurationIsVisible = 0;
			defaultConfigurationName = Release;
		};
/* End XCConfigurationList section */
	};
	rootObject = 8B9EC79A168E3BCC0095270F /* Project object */;
}
